github.com/acroca/go-symbols v0.1.1 h1:q3IzaMNYocw/Bnc2a8jkXf0hM3+POfLoq30x8HYuaPE=
github.com/acroca/go-symbols v0.1.1/go.mod h1:RKAIDWtcELAw6/wjNJGWRYZ7QEinSWoJeJ2H5cfK6AM=
github.com/birkirb/loggers-mapper-logrus v0.0.0-20180326232643-461f2d8e6f72 h1:P06eEm4EOIx6W81NgBAxYzhtA4F3O00gtcqHIROMVBE=
github.com/birkirb/loggers-mapper-logrus v0.0.0-20180326232643-461f2d8e6f72/go.mod h1:g/bxAymxtTXleU0tnlQBv0vG4LNsumFHvdx6FZANooM=
github.com/davecgh/go-spew v1.1.1 h1:vj9j/u1bqnvCEfJOwUhtlOARqs3+rkHYY13jYWTU97c=
github.com/davecgh/go-spew v1.1.1/go.mod h1:J7Y8YcW2NihsgmVo/mv3lAwl/skON4iLHjSsI+c5H38=
github.com/gorilla/mux v1.7.3 h1:gnP5JzjVOuiZD07fKKToCAOjS0yOpj/qPETTXCCS6hw=
github.com/gorilla/mux v1.7.3/go.mod h1:1lud6UwP+6orDFRuTfBEV8e9/aOM/c4fVVCaMa2zaAs=
github.com/keegancsmith/rpc v1.1.0 h1:bXVRk3EzbtrEegTGKxNTc+St1lR7t/Z1PAO8misBnCc=
github.com/keegancsmith/rpc v1.1.0/go.mod h1:Xow74TKX34OPPiPCdz6x1o9c0SCxRqGxDuKGk7ZOo8s=
github.com/konsorten/go-windows-terminal-sequences v1.0.1 h1:mweAR1A6xJ3oS2pRaGiHgQ4OO8tzTaLawm8vnODuwDk=
github.com/konsorten/go-windows-terminal-sequences v1.0.1/go.mod h1:T0+1ngSBFLxvqU3pZ+m/2kptfBszLMUkC4ZK/EgS/cQ=
github.com/lib/pq v1.2.0 h1:LXpIM/LZ5xGFhOpXAQUIMM1HdyqzVYM13zNdjCEEcA0=
github.com/lib/pq v1.2.0/go.mod h1:5WUZQaWbwv1U+lTReE5YruASi9Al49XbQIvNi/34Woo=
github.com/mdempsky/gocode v0.0.0-20190203001940-7fb65232883f h1:ee+twVCignaZjt7jpbMSLxAeTN/Nfq9W/nm91E7QO1A=
github.com/mdempsky/gocode v0.0.0-20190203001940-7fb65232883f/go.mod h1:hltEC42XzfMNgg0S1v6JTywwra2Mu6F6cLR03debVQ8=
github.com/pmezard/go-difflib v1.0.0 h1:4DBwDE0NGyQoBHbLQYPwSUPoCMWR5BEzIk/f1lZbAQM=
github.com/pmezard/go-difflib v1.0.0/go.mod h1:iKH77koFhYxTK1pcRnkKkqfTogsbg7gZNVY4sRDYZ/4=
github.com/ramya-rao-a/go-outline v0.0.0-20181122025142-7182a932836a h1:rJS9v8WlLfIQ/22PlTXc47p5jB8RaY9XnTkX8Uols7w=
github.com/ramya-rao-a/go-outline v0.0.0-20181122025142-7182a932836a/go.mod h1:1WL5IqM+CnRCAbXetRnL1YVoS9KtU2zMhOi/5oAVPo4=
github.com/sirupsen/logrus v1.4.2 h1:SPIRibHv4MatM3XXNO2BJeFLZwZ2LvZgfQ5+UNI2im4=
github.com/sirupsen/logrus v1.4.2/go.mod h1:tLMulIdttU9McNUspp0xgXVQah82FyeX6MwdIuYE2rE=
github.com/sqs/goreturns v0.0.0-20181028201513-538ac6014518 h1:iD+PFTQwKEmbwSdwfvP5ld2WEI/g7qbdhmHJ2ASfYGs=
github.com/sqs/goreturns v0.0.0-20181028201513-538ac6014518/go.mod h1:CKI4AZ4XmGV240rTHfO0hfE83S6/a3/Q1siZJ/vXf7A=
github.com/stamblerre/gocode v0.0.0-20190327203809-810592086997 h1:LF81AGV63kJoxjmSgQPT8FARAMHeY46CYQ4TNoVDWHM=
github.com/stamblerre/gocode v0.0.0-20190327203809-810592086997/go.mod h1:EM2T8YDoTCvGXbEpFHxarbpv7VE26QD1++Cb1Pbh7Gs=
github.com/stretchr/objx v0.1.1/go.mod h1:HFkY916IF+rwdDfMAkV7OtwuqBVzrE8GR6GFx+wExME=
github.com/stretchr/testify v1.2.2 h1:bSDNvY7ZPG5RlJ8otE/7V6gMiyenm9RtJ7IUVIAoJ1w=
github.com/stretchr/testify v1.2.2/go.mod h1:a8OnRcib4nhh0OaRAV+Yts87kKdq0PP7pXfy6kDkUVs=
golang.org/x/crypto v0.0.0-20190308221718-c2843e01d9a2/go.mod h1:djNgcEr1/C05ACkg1iLfiJU5Ep61QUkGW8qpdssI0+w=
golang.org/x/lint v0.0.0-20190409202823-959b441ac422 h1:QzoH/1pFpZguR8NrRHLcO6jKqfv2zpuSqZLgdm7ZmjI=
golang.org/x/lint v0.0.0-20190409202823-959b441ac422/go.mod h1:6SW0HCj/g11FgYtHlgUYUwCkIfeOF89ocIRzGO/8vkc=
golang.org/x/net v0.0.0-20190311183353-d8887717615a/go.mod h1:t9HGtf8HONx5eT2rtn7q6eTqICYqUVnKs3thJo3Qplg=
golang.org/x/net v0.0.0-20190620200207-3b0461eec859/go.mod h1:z5CRVTTTmAJ677TzLLGU+0bjPO0LkuOLi4/5GtJWs/s=
golang.org/x/sync v0.0.0-20190423024810-112230192c58/go.mod h1:RxMgew5VJxzue5/jJTE5uejpjVlOe/izrB70Jof72aM=
golang.org/x/sys v0.0.0-20190215142949-d0b11bdaac8a/go.mod h1:STP8DvDyc/dI5b8T5hshtkjS+E42TnysNCUPdjciGhY=
golang.org/x/sys v0.0.0-20190422165155-953cdadca894 h1:Cz4ceDQGXuKRnVBDTS23GTn/pU5OE2C0WrNTOYK1Uuc=
golang.org/x/sys v0.0.0-20190422165155-953cdadca894/go.mod h1:h1NjWce9XRLGQEsW7wpKNCjG9DtNlClVuFLEZdDNbEs=
golang.org/x/text v0.3.0/go.mod h1:NqM8EUOU14njkJ3fqMW+pc6Ldnwhi/IjpwHt7yyuwOQ=
golang.org/x/tools v0.0.0-20190311212946-11955173bddd/go.mod h1:LCzVGOaR6xXOjkQ3onu1FJEFr0SW1gC7cKk1uF8kGRs=
golang.org/x/tools v0.0.0-20190802220118-1d1727260058 h1:OsDcfiJHbqcv+S4eovUaiPY2ILzR76hXrjILS4sV4Wg=
golang.org/x/tools v0.0.0-20190802220118-1d1727260058/go.mod h1:jcCCGcm9btYwXyDqrUWc6MKQKKGJCWEQ3AfLSRIbEuI=
gopkg.in/birkirb/loggers.v1 v1.1.0 h1:7dt/2mwY1bo1IZH1XX3JLx7bCeLf9MHu1lpCt/ZyEJs=
gopkg.in/birkirb/loggers.v1 v1.1.0/go.mod h1:+rK5V8ydMXWC2ZPqEsh1ponO3uTR5JutiapgW36u8wI=
